{
  "version": 4,
  "terraform_version": "1.4.6",
  "serial": 70,
  "lineage": "f885612b-d58a-513c-0bd4-8737e8607813",
  "outputs": {},
  "resources": [
    {
      "mode": "data",
      "type": "b1ddi_dhcp_hosts",
      "name": "dhcp_host_by_name",
      "provider": "provider[\"registry.terraform.io/infobloxopen/b1ddi\"]",
      "instances": [
        {
          "schema_version": 0,
          "attributes": {
            "filters": {
              "name": "00_Mehran-OnPrem-1"
            },
            "id": "1696523363",
            "results": [
              {
                "address": "172.28.4.249",
                "associated_server": [],
                "comment": "description updated at 11:43PDT",
                "current_version": "v3.1.9",
                "id": "dhcp/host/93294",
                "ip_space": "ipam/ip_space/802c15e4-6399-11ee-afe2-e25d272da48c",
                "name": "00_Mehran-OnPrem-1",
                "ophid": "91738b4cd6d96eddd07d1722fb0986a0",
                "server": "",
                "tags": {
                  "host/deployment_type": "BAREMETAL",
                  "host/docker_engine_version": "18.09.7",
                  "host/k8s": "true",
                  "host/kernel_version": "Linux 4.4.0-1060-aws x86_64",
                  "host/nat_ip": "52.20.63.77",
                  "host/ophid": "91738b4cd6d96eddd07d1722fb0986a0",
                  "host/serial_number": "",
                  "test": "mark"
                }
              }
            ]
          },
          "sensitive_attributes": []
        }
      ]
    },
    {
      "mode": "data",
      "type": "b1ddi_dns_hosts",
      "name": "dns_host_by_name",
      "provider": "provider[\"registry.terraform.io/infobloxopen/b1ddi\"]",
      "instances": [
        {
          "schema_version": 0,
          "attributes": {
            "filters": {
              "name": "00_Mehran-OnPrem-1"
            },
            "id": "1696523363",
            "results": [
              {
                "absolute_name": "",
                "address": "172.28.4.249",
                "anycast_addresses": [],
                "associated_server": [],
                "comment": "description updated at 11:43PDT",
                "current_version": "v3.1.4",
                "dfp": false,
                "dfp_service": "unavailable",
                "id": "dns/host/93294",
                "inheritance_sources": [],
                "kerberos_keys": [],
                "name": "00_Mehran-OnPrem-1",
                "ophid": "91738b4cd6d96eddd07d1722fb0986a0",
                "protocol_absolute_name": "",
                "server": "",
                "site_id": "e2a4206d82c64cd58dc9521b3114dc0f",
                "tags": {
                  "host/deployment_type": "BAREMETAL",
                  "host/docker_engine_version": "18.09.7",
                  "host/k8s": "true",
                  "host/kernel_version": "Linux 4.4.0-1060-aws x86_64",
                  "host/nat_ip": "52.20.63.77",
                  "host/ophid": "91738b4cd6d96eddd07d1722fb0986a0",
                  "host/serial_number": "",
                  "test": "mark"
                }
              }
            ]
          },
          "sensitive_attributes": []
        }
      ]
    },
    {
      "mode": "managed",
      "type": "b1ddi_address_block",
      "name": "tf_address_block",
      "provider": "provider[\"registry.terraform.io/infobloxopen/b1ddi\"]",
      "instances": [
        {
          "schema_version": 0,
          "attributes": {
            "address": "192.168.1.0",
            "asm_config": [
              {
                "asm_threshold": 90,
                "enable": true,
                "enable_notification": true,
                "forecast_period": 14,
                "growth_factor": 20,
                "growth_type": "percent",
                "history": 30,
                "min_total": 10,
                "min_unused": 10,
                "reenable_date": "1970-01-01T00:00:00.000Z"
              }
            ],
            "asm_scope_flag": 0,
            "cidr": 24,
            "comment": "",
            "created_at": "2023-10-05T16:09:03.452Z",
            "ddns_client_update": "client",
            "ddns_domain": "",
            "ddns_generate_name": false,
            "ddns_generated_prefix": "myhost",
            "ddns_send_updates": true,
            "ddns_update_on_renew": false,
            "ddns_use_conflict_resolution": true,
            "dhcp_config": [
              {
                "allow_unknown": true,
                "filters": [],
                "ignore_list": [],
                "lease_time": 3600
              }
            ],
            "dhcp_options": [],
            "dhcp_utilization": [
              {
                "dhcp_free": "0",
                "dhcp_total": "0",
                "dhcp_used": "0",
                "dhcp_utilization": 0
              }
            ],
            "header_option_filename": "",
            "header_option_server_address": "",
            "header_option_server_name": "",
            "hostname_rewrite_char": "-",
            "hostname_rewrite_enabled": false,
            "hostname_rewrite_regex": "[^a-zA-Z0-9.-]",
            "id": "ipam/address_block/80a44dd2-6399-11ee-9394-e66d6c0057bc",
            "inheritance_parent": "",
            "inheritance_sources": [],
            "name": "example_block",
            "parent": "",
            "protocol": "ip4",
            "space": "ipam/ip_space/802c15e4-6399-11ee-afe2-e25d272da48c",
            "tags": {},
            "threshold": [
              {
                "enabled": false,
                "high": 0,
                "low": 0
              }
            ],
            "updated_at": "2023-10-05T16:09:07.484Z",
            "utilization": [
              {
                "abandon_utilization": 0,
                "abandoned": "0",
                "dynamic": "0",
                "free": "254",
                "static": "0",
                "total": "256",
                "used": "2",
                "utilization": 1
              }
            ]
          },
          "sensitive_attributes": [],
          "private": "bnVsbA==",
          "dependencies": [
            "b1ddi_ip_space.tf_space"
          ]
        }
      ]
    },
    {
      "mode": "managed",
      "type": "b1ddi_dns_auth_zone",
      "name": "tf_example_auth_zone",
      "provider": "provider[\"registry.terraform.io/infobloxopen/b1ddi\"]",
      "instances": [
        {
          "schema_version": 0,
          "attributes": {
            "comment": "",
            "created_at": "2023-10-05T16:09:03.488Z",
            "disabled": false,
            "external_primaries": [],
            "external_secondaries": [],
            "fqdn": "tf-example.com.",
            "gss_tsig_enabled": false,
            "id": "dns/auth_zone/a91dda04-ef40-4cdc-8cf5-ed04fb44cd29",
            "inheritance_assigned_hosts": [],
            "inheritance_sources": [],
            "initial_soa_serial": 1,
            "internal_secondaries": [
              {
                "host": "dns/host/93294"
              }
            ],
            "mapped_subnet": "",
            "mapping": "forward",
            "notify": false,
            "nsgs": [],
            "parent": "",
            "primary_type": "cloud",
            "protocol_fqdn": "tf-example.com.",
            "query_acl": [],
            "tags": {},
            "transfer_acl": [],
            "update_acl": [],
            "updated_at": "2023-10-05T16:09:03.488Z",
            "use_forwarders_for_subzones": true,
            "view": "dns/view/617fa402-aaee-4d94-b536-84d8d0414e43",
            "zone_authority": [
              {
                "default_ttl": 28800,
                "expire": 2419200,
                "mname": "ns.b1ddi.tf-example.com.",
                "negative_ttl": 900,
                "protocol_mname": "ns.b1ddi.tf-example.com.",
                "protocol_rname": "hostmaster.tf-example.com",
                "refresh": 10800,
                "retry": 3600,
                "rname": "hostmaster@tf-example.com",
                "use_default_mname": true
              }
            ]
          },
          "sensitive_attributes": [],
          "private": "bnVsbA==",
          "dependencies": [
            "b1ddi_dns_view.tf_example_dns_view",
            "data.b1ddi_dns_hosts.dns_host_by_name"
          ]
        }
      ]
    },
    {
      "mode": "managed",
      "type": "b1ddi_dns_auth_zone",
      "name": "tf_ptr_auth_zone",
      "provider": "provider[\"registry.terraform.io/infobloxopen/b1ddi\"]",
      "instances": [
        {
          "schema_version": 0,
          "attributes": {
            "comment": "",
            "created_at": "2023-10-05T16:09:03.562Z",
            "disabled": false,
            "external_primaries": [],
            "external_secondaries": [],
            "fqdn": "3.168.192.in-addr.arpa.",
            "gss_tsig_enabled": false,
            "id": "dns/auth_zone/f68164f0-95d3-4de4-b8d2-ebb7fe373f55",
            "inheritance_assigned_hosts": [],
            "inheritance_sources": [],
            "initial_soa_serial": 1,
            "internal_secondaries": [],
            "mapped_subnet": "192.168.3.0/24",
            "mapping": "ipv4_reverse",
            "notify": false,
            "nsgs": [],
            "parent": "",
            "primary_type": "cloud",
            "protocol_fqdn": "3.168.192.in-addr.arpa.",
            "query_acl": [],
            "tags": {},
            "transfer_acl": [],
            "update_acl": [],
            "updated_at": "2023-10-05T16:09:03.562Z",
            "use_forwarders_for_subzones": true,
            "view": "dns/view/617fa402-aaee-4d94-b536-84d8d0414e43",
            "zone_authority": [
              {
                "default_ttl": 28800,
                "expire": 2419200,
                "mname": "ns.b1ddi.3.168.192.in-addr.arpa.",
                "negative_ttl": 900,
                "protocol_mname": "ns.b1ddi.3.168.192.in-addr.arpa.",
                "protocol_rname": "hostmaster.3.168.192.in-addr.arpa",
                "refresh": 10800,
                "retry": 3600,
                "rname": "hostmaster@3.168.192.in-addr.arpa",
                "use_default_mname": true
              }
            ]
          },
          "sensitive_attributes": [],
          "private": "bnVsbA==",
          "dependencies": [
            "b1ddi_dns_view.tf_example_dns_view"
          ]
        }
      ]
    },
    {
      "mode": "managed",
      "type": "b1ddi_dns_record",
      "name": "tf_a_record",
      "provider": "provider[\"registry.terraform.io/infobloxopen/b1ddi\"]",
      "instances": [
        {
          "schema_version": 0,
          "attributes": {
            "absolute_name_spec": "tf-demo.tf-example.com.",
            "absolute_zone_name": "tf-example.com.",
            "comment": "",
            "created_at": "2023-10-05T16:09:06.473Z",
            "delegation": "",
            "disabled": false,
            "dns_absolute_name_spec": "tf-demo.tf-example.com.",
            "dns_absolute_zone_name": "tf-example.com.",
            "dns_name_in_zone": "tf-demo",
            "dns_rdata": "192.168.3.15",
            "id": "dns/record/bfd3f737-78b5-4aef-a1ac-c7e056eb6e0b",
            "inheritance_sources": [],
            "name_in_zone": "tf-demo",
            "options": {},
            "rdata": {
              "address": "192.168.3.15"
            },
            "source": [
              "STATIC"
            ],
            "tags": {},
            "ttl": 28800,
            "type": "A",
            "updated_at": "2023-10-05T16:09:06.473Z",
            "view": "dns/view/617fa402-aaee-4d94-b536-84d8d0414e43",
            "view_name": "tf_dns_view",
            "zone": "dns/auth_zone/a91dda04-ef40-4cdc-8cf5-ed04fb44cd29"
          },
          "sensitive_attributes": [],
          "private": "bnVsbA==",
          "dependencies": [
            "b1ddi_dns_auth_zone.tf_example_auth_zone",
            "b1ddi_dns_view.tf_example_dns_view",
            "data.b1ddi_dns_hosts.dns_host_by_name"
          ]
        }
      ]
    },
    {
      "mode": "managed",
      "type": "b1ddi_dns_record",
      "name": "tf_a_record_1",
      "provider": "provider[\"registry.terraform.io/infobloxopen/b1ddi\"]",
      "instances": [
        {
          "schema_version": 0,
          "attributes": {
            "absolute_name_spec": "tf-demo-1.tf-example.com.",
            "absolute_zone_name": "tf-example.com.",
            "comment": "",
            "created_at": "2023-10-05T16:28:28.721Z",
            "delegation": "",
            "disabled": false,
            "dns_absolute_name_spec": "tf-demo-1.tf-example.com.",
            "dns_absolute_zone_name": "tf-example.com.",
            "dns_name_in_zone": "tf-demo-1",
            "dns_rdata": "192.168.3.16",
            "id": "dns/record/9af1bf3d-3044-4c03-aa52-9bdd80348254",
            "inheritance_sources": [],
            "name_in_zone": "tf-demo-1",
            "options": {},
            "rdata": {
              "address": "192.168.3.16"
            },
            "source": [
              "STATIC"
            ],
            "tags": {},
            "ttl": 28800,
            "type": "A",
            "updated_at": "2023-10-05T16:28:28.721Z",
            "view": "dns/view/617fa402-aaee-4d94-b536-84d8d0414e43",
            "view_name": "tf_dns_view",
            "zone": "dns/auth_zone/a91dda04-ef40-4cdc-8cf5-ed04fb44cd29"
          },
          "sensitive_attributes": [],
          "private": "bnVsbA==",
          "dependencies": [
            "b1ddi_dns_auth_zone.tf_example_auth_zone",
            "b1ddi_dns_view.tf_example_dns_view",
            "data.b1ddi_dns_hosts.dns_host_by_name"
          ]
        }
      ]
    },
    {
      "mode": "managed",
      "type": "b1ddi_dns_record",
      "name": "tf_a_record_gateway",
      "provider": "provider[\"registry.terraform.io/infobloxopen/b1ddi\"]",
      "instances": [
        {
          "schema_version": 0,
          "attributes": {
            "absolute_name_spec": "tf-demo-gateway.tf-example.com.",
            "absolute_zone_name": "tf-example.com.",
            "comment": "",
            "created_at": "2023-10-05T16:09:06.501Z",
            "delegation": "",
            "disabled": false,
            "dns_absolute_name_spec": "tf-demo-gateway.tf-example.com.",
            "dns_absolute_zone_name": "tf-example.com.",
            "dns_name_in_zone": "tf-demo-gateway",
            "dns_rdata": "192.168.3.1",
            "id": "dns/record/be489450-95c3-44b5-b0eb-f764c790204a",
            "inheritance_sources": [],
            "name_in_zone": "tf-demo-gateway",
            "options": {},
            "rdata": {
              "address": "192.168.3.1"
            },
            "source": [
              "STATIC"
            ],
            "tags": {},
            "ttl": 28800,
            "type": "A",
            "updated_at": "2023-10-05T16:29:27.427Z",
            "view": "dns/view/617fa402-aaee-4d94-b536-84d8d0414e43",
            "view_name": "tf_dns_view",
            "zone": "dns/auth_zone/a91dda04-ef40-4cdc-8cf5-ed04fb44cd29"
          },
          "sensitive_attributes": [],
          "private": "bnVsbA==",
          "dependencies": [
            "b1ddi_dns_auth_zone.tf_example_auth_zone"
          ]
        }
      ]
    },
    {
      "mode": "managed",
      "type": "b1ddi_dns_view",
      "name": "tf_example_dns_view",
      "provider": "provider[\"registry.terraform.io/infobloxopen/b1ddi\"]",
      "instances": [
        {
          "schema_version": 0,
          "attributes": {
            "comment": "",
            "created_at": "2023-10-05T16:09:02.650Z",
            "custom_root_ns": [],
            "custom_root_ns_enabled": false,
            "disabled": false,
            "dnssec_enable_validation": true,
            "dnssec_enabled": true,
            "dnssec_root_keys": [
              {
                "algorithm": 8,
                "protocol_zone": ".",
                "public_key": "AwEAAaz/tAm8yTn4Mfeh5eyI96WSVexTBAvkMgJzkKTOiW1vkIbzxeF3+/4RgWOq7HrxRixHlFlExOLAJr5emLvN7SWXgnLh4+B5xQlNVz8Og8kvArMtNROxVQuCaSnIDdD5LKyWbRd2n9WGe2R8PzgCmr3EgVLrjyBxWezF0jLHwVN8efS3rCj/EWgvIWgb9tarpVUDK/b58Da+sqqls3eNbuv7pr+eoZG+SrDK6nWeL3c6H5Apxz7LjVc1uTIdsIXxuOLYA4/ilBmSVIzuDWfdRUfhHdY6+cn8HFRm+2hM8AnXGXws9555KrUB5qihylGa8subX2Nn6UwNR1AkUTV74bU=",
                "sep": true,
                "zone": "."
              }
            ],
            "dnssec_trust_anchors": [],
            "dnssec_validate_expiry": true,
            "ecs_enabled": false,
            "ecs_forwarding": false,
            "ecs_prefix_v4": 24,
            "ecs_prefix_v6": 56,
            "ecs_zones": [],
            "edns_udp_size": 1232,
            "forwarders": [],
            "forwarders_only": false,
            "gss_tsig_enabled": false,
            "id": "dns/view/617fa402-aaee-4d94-b536-84d8d0414e43",
            "inheritance_sources": [],
            "ip_spaces": [],
            "lame_ttl": 600,
            "match_clients_acl": [
              {
                "access": "allow",
                "acl": "",
                "address": "",
                "element": "any",
                "tsig_key": []
              }
            ],
            "match_destinations_acl": [
              {
                "access": "allow",
                "acl": "",
                "address": "",
                "element": "any",
                "tsig_key": []
              }
            ],
            "match_recursive_only": false,
            "max_cache_ttl": 604800,
            "max_negative_ttl": 10800,
            "max_udp_size": 1232,
            "minimal_responses": false,
            "name": "tf_dns_view",
            "notify": false,
            "query_acl": [],
            "recursion_acl": [],
            "recursion_enabled": true,
            "tags": {},
            "transfer_acl": [],
            "update_acl": [],
            "updated_at": "2023-10-05T16:09:02.650Z",
            "use_forwarders_for_subzones": true,
            "zone_authority": [
              {
                "default_ttl": 28800,
                "expire": 2419200,
                "mname": "ns.b1ddi",
                "negative_ttl": 900,
                "protocol_mname": "ns.b1ddi",
                "protocol_rname": "hostmaster",
                "refresh": 10800,
                "retry": 3600,
                "rname": "hostmaster",
                "use_default_mname": true
              }
            ]
          },
          "sensitive_attributes": [],
          "private": "bnVsbA=="
        }
      ]
    },
    {
      "mode": "managed",
      "type": "b1ddi_fixed_address",
      "name": "tf_fixed_address",
      "provider": "provider[\"registry.terraform.io/infobloxopen/b1ddi\"]",
      "instances": [
        {
          "schema_version": 0,
          "attributes": {
            "address": "192.168.3.1",
            "comment": "",
            "created_at": "2023-10-05T16:09:06.200Z",
            "dhcp_options": [],
            "header_option_filename": "",
            "header_option_server_address": "",
            "header_option_server_name": "",
            "hostname": "",
            "id": "dhcp/fixed_address/8240dcaf-6399-11ee-afe2-e25d272da48c",
            "inheritance_assigned_hosts": [],
            "inheritance_parent": "ipam/subnet/8113c9b5-6399-11ee-9394-e66d6c0057bc",
            "inheritance_sources": [],
            "ip_space": "ipam/ip_space/802c15e4-6399-11ee-afe2-e25d272da48c",
            "match_type": "mac",
            "match_value": "00:00:00:00:00:00",
            "name": "tf_fixed_address",
            "parent": "ipam/subnet/8113c9b5-6399-11ee-9394-e66d6c0057bc",
            "tags": {},
            "updated_at": "2023-10-05T16:09:06.200Z"
          },
          "sensitive_attributes": [],
          "private": "bnVsbA==",
          "dependencies": [
            "b1ddi_address_block.tf_address_block",
            "b1ddi_ip_space.tf_space",
            "b1ddi_subnet.tf_subnet_1",
            "data.b1ddi_dhcp_hosts.dhcp_host_by_name"
          ]
        }
      ]
    },
    {
      "mode": "managed",
      "type": "b1ddi_ip_space",
      "name": "tf_space",
      "provider": "provider[\"registry.terraform.io/infobloxopen/b1ddi\"]",
      "instances": [
        {
          "schema_version": 0,
          "attributes": {
            "asm_config": [
              {
                "asm_threshold": 90,
                "enable": true,
                "enable_notification": true,
                "forecast_period": 14,
                "growth_factor": 20,
                "growth_type": "percent",
                "history": 30,
                "min_total": 10,
                "min_unused": 10,
                "reenable_date": "1970-01-01T00:00:00.000Z"
              }
            ],
            "asm_scope_flag": 0,
            "comment": "Example IP space create by the terraform provider",
            "created_at": "2023-10-05T16:09:02.660Z",
            "ddns_client_update": "client",
            "ddns_domain": "",
            "ddns_generate_name": false,
            "ddns_generated_prefix": "myhost",
            "ddns_send_updates": true,
            "ddns_update_on_renew": false,
            "ddns_use_conflict_resolution": true,
            "dhcp_config": [
              {
                "allow_unknown": true,
                "filters": [],
                "ignore_list": [],
                "lease_time": 3600
              }
            ],
            "dhcp_options": [],
            "header_option_filename": "",
            "header_option_server_address": "",
            "header_option_server_name": "",
            "hostname_rewrite_char": "_",
            "hostname_rewrite_enabled": false,
            "hostname_rewrite_regex": "[^a-zA-Z0-9_.]",
            "id": "ipam/ip_space/802c15e4-6399-11ee-afe2-e25d272da48c",
            "inheritance_sources": [],
            "name": "tf_space_demo",
            "tags": {},
            "threshold": [
              {
                "enabled": false,
                "high": 0,
                "low": 0
              }
            ],
            "updated_at": "2023-10-05T16:09:07.533Z",
            "utilization": [
              {
                "abandon_utilization": 0,
                "abandoned": "0",
                "dynamic": "0",
                "free": "379",
                "static": "1",
                "total": "384",
                "used": "5",
                "utilization": 1
              }
            ],
            "vendor_specific_option_option_space": ""
          },
          "sensitive_attributes": [],
          "private": "bnVsbA=="
        }
      ]
    },
    {
      "mode": "managed",
      "type": "b1ddi_range",
      "name": "tf_range",
      "provider": "provider[\"registry.terraform.io/infobloxopen/b1ddi\"]",
      "instances": [
        {
          "schema_version": 0,
          "attributes": {
            "comment": "",
            "created_at": "2023-10-05T16:09:06.142Z",
            "dhcp_host": "dhcp/host/93294",
            "dhcp_options": [],
            "end": "192.168.3.10",
            "exclusion_ranges": [],
            "id": "ipam/range/823e64c5-6399-11ee-9394-e66d6c0057bc",
            "inheritance_assigned_hosts": [],
            "inheritance_parent": "ipam/subnet/8113c9b5-6399-11ee-9394-e66d6c0057bc",
            "inheritance_sources": [],
            "name": "tf_range",
            "parent": "ipam/subnet/8113c9b5-6399-11ee-9394-e66d6c0057bc",
            "protocol": "ip4",
            "space": "ipam/ip_space/802c15e4-6399-11ee-afe2-e25d272da48c",
            "start": "192.168.3.5",
            "tags": {},
            "threshold": [
              {
                "enabled": false,
                "high": 0,
                "low": 0
              }
            ],
            "updated_at": "2023-10-05T16:09:07.533Z",
            "utilization": [
              {
                "abandon_utilization": 0,
                "abandoned": "0",
                "dynamic": "0",
                "free": "6",
                "static": "0",
                "total": "6",
                "used": "0",
                "utilization": 0
              }
            ]
          },
          "sensitive_attributes": [],
          "private": "bnVsbA==",
          "dependencies": [
            "b1ddi_address_block.tf_address_block",
            "b1ddi_ip_space.tf_space",
            "b1ddi_subnet.tf_subnet_1",
            "data.b1ddi_dhcp_hosts.dhcp_host_by_name"
          ]
        }
      ]
    },
    {
      "mode": "managed",
      "type": "b1ddi_subnet",
      "name": "tf_subnet",
      "provider": "provider[\"registry.terraform.io/infobloxopen/b1ddi\"]",
      "instances": [
        {
          "schema_version": 0,
          "attributes": {
            "address": "192.168.1.0",
            "asm_config": [
              {
                "asm_threshold": 90,
                "enable": true,
                "enable_notification": true,
                "forecast_period": 14,
                "growth_factor": 20,
                "growth_type": "percent",
                "history": 30,
                "min_total": 10,
                "min_unused": 10,
                "reenable_date": "1970-01-01T00:00:00.000Z"
              }
            ],
            "asm_scope_flag": 0,
            "cidr": 26,
            "comment": "Example Subnet created using Next Available Subnet by the terraform provider",
            "created_at": "2023-10-05T16:09:04.184Z",
            "ddns_client_update": "client",
            "ddns_domain": "",
            "ddns_generate_name": false,
            "ddns_generated_prefix": "myhost",
            "ddns_send_updates": true,
            "ddns_update_on_renew": false,
            "ddns_use_conflict_resolution": true,
            "dhcp_config": [
              {
                "allow_unknown": true,
                "filters": [],
                "ignore_list": [],
                "lease_time": 3600
              }
            ],
            "dhcp_host": "dhcp/host/93294",
            "dhcp_options": [],
            "dhcp_utilization": [
              {
                "dhcp_free": "0",
                "dhcp_total": "0",
                "dhcp_used": "0",
                "dhcp_utilization": 0
              }
            ],
            "header_option_filename": "",
            "header_option_server_address": "",
            "header_option_server_name": "",
            "hostname_rewrite_char": "-",
            "hostname_rewrite_enabled": false,
            "hostname_rewrite_regex": "[^a-zA-Z0-9.-]",
            "id": "ipam/subnet/81144829-6399-11ee-b58b-6230951381c9",
            "inheritance_assigned_hosts": [],
            "inheritance_parent": "ipam/address_block/80a44dd2-6399-11ee-9394-e66d6c0057bc",
            "inheritance_sources": [],
            "name": "tf_subnet",
            "parent": "ipam/address_block/80a44dd2-6399-11ee-9394-e66d6c0057bc",
            "protocol": "ip4",
            "space": "ipam/ip_space/802c15e4-6399-11ee-afe2-e25d272da48c",
            "tags": {},
            "threshold": [
              {
                "enabled": false,
                "high": 0,
                "low": 0
              }
            ],
            "updated_at": "2023-10-05T16:09:07.484Z",
            "utilization": [
              {
                "abandon_utilization": 0,
                "abandoned": "0",
                "dynamic": "0",
                "free": "62",
                "static": "0",
                "total": "64",
                "used": "2",
                "utilization": 3
              }
            ]
          },
          "sensitive_attributes": [],
          "private": "bnVsbA==",
          "dependencies": [
            "b1ddi_address_block.tf_address_block",
            "b1ddi_ip_space.tf_space",
            "data.b1ddi_dhcp_hosts.dhcp_host_by_name"
          ]
        }
      ]
    },
    {
      "mode": "managed",
      "type": "b1ddi_subnet",
      "name": "tf_subnet_1",
      "provider": "provider[\"registry.terraform.io/infobloxopen/b1ddi\"]",
      "instances": [
        {
          "schema_version": 0,
          "attributes": {
            "address": "192.168.3.0",
            "asm_config": [
              {
                "asm_threshold": 90,
                "enable": true,
                "enable_notification": true,
                "forecast_period": 14,
                "growth_factor": 20,
                "growth_type": "percent",
                "history": 30,
                "min_total": 10,
                "min_unused": 10,
                "reenable_date": "1970-01-01T00:00:00.000Z"
              }
            ],
            "asm_scope_flag": 0,
            "cidr": 25,
            "comment": "",
            "created_at": "2023-10-05T16:09:04.222Z",
            "ddns_client_update": "client",
            "ddns_domain": "",
            "ddns_generate_name": false,
            "ddns_generated_prefix": "myhost",
            "ddns_send_updates": true,
            "ddns_update_on_renew": false,
            "ddns_use_conflict_resolution": true,
            "dhcp_config": [
              {
                "allow_unknown": true,
                "filters": [],
                "ignore_list": [],
                "lease_time": 3600
              }
            ],
            "dhcp_host": "dhcp/host/93294",
            "dhcp_options": [],
            "dhcp_utilization": [
              {
                "dhcp_free": "6",
                "dhcp_total": "6",
                "dhcp_used": "0",
                "dhcp_utilization": 0
              }
            ],
            "header_option_filename": "",
            "header_option_server_address": "",
            "header_option_server_name": "",
            "hostname_rewrite_char": "-",
            "hostname_rewrite_enabled": false,
            "hostname_rewrite_regex": "[^a-zA-Z0-9.-]",
            "id": "ipam/subnet/8113c9b5-6399-11ee-9394-e66d6c0057bc",
            "inheritance_assigned_hosts": [],
            "inheritance_parent": "",
            "inheritance_sources": [],
            "name": "tf_subnet_static",
            "parent": "",
            "protocol": "ip4",
            "space": "ipam/ip_space/802c15e4-6399-11ee-afe2-e25d272da48c",
            "tags": {},
            "threshold": [
              {
                "enabled": false,
                "high": 0,
                "low": 0
              }
            ],
            "updated_at": "2023-10-05T16:09:07.533Z",
            "utilization": [
              {
                "abandon_utilization": 0,
                "abandoned": "0",
                "dynamic": "0",
                "free": "125",
                "static": "1",
                "total": "128",
                "used": "3",
                "utilization": 2
              }
            ]
          },
          "sensitive_attributes": [],
          "private": "bnVsbA==",
          "dependencies": [
            "b1ddi_address_block.tf_address_block",
            "b1ddi_ip_space.tf_space",
            "data.b1ddi_dhcp_hosts.dhcp_host_by_name"
          ]
        }
      ]
    }
  ],
  "check_results": null
}
